// !$*UTF8*$!
{
	archiveVersion = 1;
	classes = {
	};
	objectVersion = 55;
	objects = {

/* Begin PBXBuildFile section */
		F5B1624A28EA50B800B6A101 /* AppDelegate.swift in Sources */ = {isa = PBXBuildFile; fileRef = F5B1624928EA50B800B6A101 /* AppDelegate.swift */; };
		F5B1624C28EA50B800B6A101 /* SceneDelegate.swift in Sources */ = {isa = PBXBuildFile; fileRef = F5B1624B28EA50B800B6A101 /* SceneDelegate.swift */; };
		F5B1624E28EA50B800B6A101 /* ViewController.swift in Sources */ = {isa = PBXBuildFile; fileRef = F5B1624D28EA50B800B6A101 /* ViewController.swift */; };
		F5B1625128EA50B800B6A101 /* Main.storyboard in Resources */ = {isa = PBXBuildFile; fileRef = F5B1624F28EA50B800B6A101 /* Main.storyboard */; };
		F5B1625328EA50C300B6A101 /* Assets.xcassets in Resources */ = {isa = PBXBuildFile; fileRef = F5B1625228EA50C300B6A101 /* Assets.xcassets */; };
		F5B1625628EA50C300B6A101 /* LaunchScreen.storyboard in Resources */ = {isa = PBXBuildFile; fileRef = F5B1625428EA50C300B6A101 /* LaunchScreen.storyboard */; };
		F5B1626128EA50C500B6A101 /* NASA_Gallery_SwiftTests.swift in Sources */ = {isa = PBXBuildFile; fileRef = F5B1626028EA50C500B6A101 /* NASA_Gallery_SwiftTests.swift */; };
		F5B1626B28EA50C500B6A101 /* NASA_Gallery_SwiftUITests.swift in Sources */ = {isa = PBXBuildFile; fileRef = F5B1626A28EA50C500B6A101 /* NASA_Gallery_SwiftUITests.swift */; };
		F5B1626D28EA50C500B6A101 /* NASA_Gallery_SwiftUITestsLaunchTests.swift in Sources */ = {isa = PBXBuildFile; fileRef = F5B1626C28EA50C500B6A101 /* NASA_Gallery_SwiftUITestsLaunchTests.swift */; };
/* End PBXBuildFile section */

/* Begin PBXContainerItemProxy section */
		F5B1625D28EA50C500B6A101 /* PBXContainerItemProxy */ = {
			isa = PBXContainerItemProxy;
			containerPortal = F5B1623E28EA50B800B6A101 /* Project object */;
			proxyType = 1;
			remoteGlobalIDString = F5B1624528EA50B800B6A101;
			remoteInfo = "NASA-Gallery-Swift";
		};
		F5B1626728EA50C500B6A101 /* PBXContainerItemProxy */ = {
			isa = PBXContainerItemProxy;
			containerPortal = F5B1623E28EA50B800B6A101 /* Project object */;
			proxyType = 1;
			remoteGlobalIDString = F5B1624528EA50B800B6A101;
			remoteInfo = "NASA-Gallery-Swift";
		};
/* End PBXContainerItemProxy section */

/* Begin PBXFileReference section */
		F5B1624628EA50B800B6A101 /* NASA-Gallery-Swift.app */ = {isa = PBXFileReference; explicitFileType = wrapper.application; includeInIndex = 0; path = "NASA-Gallery-Swift.app"; sourceTree = BUILT_PRODUCTS_DIR; };
		F5B1624928EA50B800B6A101 /* AppDelegate.swift */ = {isa = PBXFileReference; lastKnownFileType = sourcecode.swift; path = AppDelegate.swift; sourceTree = "<group>"; };
		F5B1624B28EA50B800B6A101 /* SceneDelegate.swift */ = {isa = PBXFileReference; lastKnownFileType = sourcecode.swift; path = SceneDelegate.swift; sourceTree = "<group>"; };
		F5B1624D28EA50B800B6A101 /* ViewController.swift */ = {isa = PBXFileReference; lastKnownFileType = sourcecode.swift; path = ViewController.swift; sourceTree = "<group>"; };
		F5B1625028EA50B800B6A101 /* Base */ = {isa = PBXFileReference; lastKnownFileType = file.storyboard; name = Base; path = Base.lproj/Main.storyboard; sourceTree = "<group>"; };
		F5B1625228EA50C300B6A101 /* Assets.xcassets */ = {isa = PBXFileReference; lastKnownFileType = folder.assetcatalog; path = Assets.xcassets; sourceTree = "<group>"; };
		F5B1625528EA50C300B6A101 /* Base */ = {isa = PBXFileReference; lastKnownFileType = file.storyboard; name = Base; path = Base.lproj/LaunchScreen.storyboard; sourceTree = "<group>"; };
		F5B1625728EA50C300B6A101 /* Info.plist */ = {isa = PBXFileReference; lastKnownFileType = text.plist.xml; path = Info.plist; sourceTree = "<group>"; };
		F5B1625C28EA50C500B6A101 /* NASA-Gallery-SwiftTests.xctest */ = {isa = PBXFileReference; explicitFileType = wrapper.cfbundle; includeInIndex = 0; path = "NASA-Gallery-SwiftTests.xctest"; sourceTree = BUILT_PRODUCTS_DIR; };
		F5B1626028EA50C500B6A101 /* NASA_Gallery_SwiftTests.swift */ = {isa = PBXFileReference; lastKnownFileType = sourcecode.swift; path = NASA_Gallery_SwiftTests.swift; sourceTree = "<group>"; };
		F5B1626628EA50C500B6A101 /* NASA-Gallery-SwiftUITests.xctest */ = {isa = PBXFileReference; explicitFileType = wrapper.cfbundle; includeInIndex = 0; path = "NASA-Gallery-SwiftUITests.xctest"; sourceTree = BUILT_PRODUCTS_DIR; };
		F5B1626A28EA50C500B6A101 /* NASA_Gallery_SwiftUITests.swift */ = {isa = PBXFileReference; lastKnownFileType = sourcecode.swift; path = NASA_Gallery_SwiftUITests.swift; sourceTree = "<group>"; };
		F5B1626C28EA50C500B6A101 /* NASA_Gallery_SwiftUITestsLaunchTests.swift */ = {isa = PBXFileReference; lastKnownFileType = sourcecode.swift; path = NASA_Gallery_SwiftUITestsLaunchTests.swift; sourceTree = "<group>"; };
/* End PBXFileReference section */

/* Begin PBXFrameworksBuildPhase section */
		F5B1624328EA50B800B6A101 /* Frameworks */ = {
			isa = PBXFrameworksBuildPhase;
			buildActionMask = 2147483647;
			files = (
			);
			runOnlyForDeploymentPostprocessing = 0;
		};
		F5B1625928EA50C500B6A101 /* Frameworks */ = {
			isa = PBXFrameworksBuildPhase;
			buildActionMask = 2147483647;
			files = (
			);
			runOnlyForDeploymentPostprocessing = 0;
		};
		F5B1626328EA50C500B6A101 /* Frameworks */ = {
			isa = PBXFrameworksBuildPhase;
			buildActionMask = 2147483647;
			files = (
			);
			runOnlyForDeploymentPostprocessing = 0;
		};
/* End PBXFrameworksBuildPhase section */

/* Begin PBXGroup section */
		F5B1623D28EA50B800B6A101 = {
			isa = PBXGroup;
			children = (
				F5B1624828EA50B800B6A101 /* NASA-Gallery-Swift */,
				F5B1625F28EA50C500B6A101 /* NASA-Gallery-SwiftTests */,
				F5B1626928EA50C500B6A101 /* NASA-Gallery-SwiftUITests */,
				F5B1624728EA50B800B6A101 /* Products */,
			);
			sourceTree = "<group>";
		};
		F5B1624728EA50B800B6A101 /* Products */ = {
			isa = PBXGroup;
			children = (
				F5B1624628EA50B800B6A101 /* NASA-Gallery-Swift.app */,
				F5B1625C28EA50C500B6A101 /* NASA-Gallery-SwiftTests.xctest */,
				F5B1626628EA50C500B6A101 /* NASA-Gallery-SwiftUITests.xctest */,
			);
			name = Products;
			sourceTree = "<group>";
		};
		F5B1624828EA50B800B6A101 /* NASA-Gallery-Swift */ = {
			isa = PBXGroup;
			children = (
				F5B1624928EA50B800B6A101 /* AppDelegate.swift */,
				F5B1624B28EA50B800B6A101 /* SceneDelegate.swift */,
				F5B1624D28EA50B800B6A101 /* ViewController.swift */,
				F5B1624F28EA50B800B6A101 /* Main.storyboard */,
				F5B1625228EA50C300B6A101 /* Assets.xcassets */,
				F5B1625428EA50C300B6A101 /* LaunchScreen.storyboard */,
				F5B1625728EA50C300B6A101 /* Info.plist */,
			);
			path = "NASA-Gallery-Swift";
			sourceTree = "<group>";
		};
		F5B1625F28EA50C500B6A101 /* NASA-Gallery-SwiftTests */ = {
			isa = PBXGroup;
			children = (
				F5B1626028EA50C500B6A101 /* NASA_Gallery_SwiftTests.swift */,
			);
			path = "NASA-Gallery-SwiftTests";
			sourceTree = "<group>";
		};
		F5B1626928EA50C500B6A101 /* NASA-Gallery-SwiftUITests */ = {
			isa = PBXGroup;
			children = (
				F5B1626A28EA50C500B6A101 /* NASA_Gallery_SwiftUITests.swift */,
				F5B1626C28EA50C500B6A101 /* NASA_Gallery_SwiftUITestsLaunchTests.swift */,
			);
			path = "NASA-Gallery-SwiftUITests";
			sourceTree = "<group>";
		};
/* End PBXGroup section */

/* Begin PBXNativeTarget section */
		F5B1624528EA50B800B6A101 /* NASA-Gallery-Swift */ = {
			isa = PBXNativeTarget;
			buildConfigurationList = F5B1627028EA50C500B6A101 /* Build configuration list for PBXNativeTarget "NASA-Gallery-Swift" */;
			buildPhases = (
				F5B1624228EA50B800B6A101 /* Sources */,
				F5B1624328EA50B800B6A101 /* Frameworks */,
				F5B1624428EA50B800B6A101 /* Resources */,
			);
			buildRules = (
			);
			dependencies = (
			);
			name = "NASA-Gallery-Swift";
			productName = "NASA-Gallery-Swift";
			productReference = F5B1624628EA50B800B6A101 /* NASA-Gallery-Swift.app */;
			productType = "com.apple.product-type.application";
		};
		F5B1625B28EA50C500B6A101 /* NASA-Gallery-SwiftTests */ = {
			isa = PBXNativeTarget;
			buildConfigurationList = F5B1627328EA50C500B6A101 /* Build configuration list for PBXNativeTarget "NASA-Gallery-SwiftTests" */;
			buildPhases = (
				F5B1625828EA50C500B6A101 /* Sources */,
				F5B1625928EA50C500B6A101 /* Frameworks */,
				F5B1625A28EA50C500B6A101 /* Resources */,
			);
			buildRules = (
			);
			dependencies = (
				F5B1625E28EA50C500B6A101 /* PBXTargetDependency */,
			);
			name = "NASA-Gallery-SwiftTests";
			productName = "NASA-Gallery-SwiftTests";
			productReference = F5B1625C28EA50C500B6A101 /* NASA-Gallery-SwiftTests.xctest */;
			productType = "com.apple.product-type.bundle.unit-test";
		};
		F5B1626528EA50C500B6A101 /* NASA-Gallery-SwiftUITests */ = {
			isa = PBXNativeTarget;
			buildConfigurationList = F5B1627628EA50C500B6A101 /* Build configuration list for PBXNativeTarget "NASA-Gallery-SwiftUITests" */;
			buildPhases = (
				F5B1626228EA50C500B6A101 /* Sources */,
				F5B1626328EA50C500B6A101 /* Frameworks */,
				F5B1626428EA50C500B6A101 /* Resources */,
			);
			buildRules = (
			);
			dependencies = (
				F5B1626828EA50C500B6A101 /* PBXTargetDependency */,
			);
			name = "NASA-Gallery-SwiftUITests";
			productName = "NASA-Gallery-SwiftUITests";
			productReference = F5B1626628EA50C500B6A101 /* NASA-Gallery-SwiftUITests.xctest */;
			productType = "com.apple.product-type.bundle.ui-testing";
		};
/* End PBXNativeTarget section */

/* Begin PBXProject section */
		F5B1623E28EA50B800B6A101 /* Project object */ = {
			isa = PBXProject;
			attributes = {
				BuildIndependentTargetsInParallel = 1;
				LastSwiftUpdateCheck = 1320;
				LastUpgradeCheck = 1320;
				TargetAttributes = {
					F5B1624528EA50B800B6A101 = {
						CreatedOnToolsVersion = 13.2.1;
					};
					F5B1625B28EA50C500B6A101 = {
						CreatedOnToolsVersion = 13.2.1;
						TestTargetID = F5B1624528EA50B800B6A101;
					};
					F5B1626528EA50C500B6A101 = {
						CreatedOnToolsVersion = 13.2.1;
						TestTargetID = F5B1624528EA50B800B6A101;
					};
				};
			};
			buildConfigurationList = F5B1624128EA50B800B6A101 /* Build configuration list for PBXProject "NASA-Gallery-Swift" */;
			compatibilityVersion = "Xcode 13.0";
			developmentRegion = en;
			hasScannedForEncodings = 0;
			knownRegions = (
				en,
				Base,
			);
			mainGroup = F5B1623D28EA50B800B6A101;
			productRefGroup = F5B1624728EA50B800B6A101 /* Products */;
			projectDirPath = "";
			projectRoot = "";
			targets = (
				F5B1624528EA50B800B6A101 /* NASA-Gallery-Swift */,
				F5B1625B28EA50C500B6A101 /* NASA-Gallery-SwiftTests */,
				F5B1626528EA50C500B6A101 /* NASA-Gallery-SwiftUITests */,
			);
		};
/* End PBXProject section */

/* Begin PBXResourcesBuildPhase section */
		F5B1624428EA50B800B6A101 /* Resources */ = {
			isa = PBXResourcesBuildPhase;
			buildActionMask = 2147483647;
			files = (
				F5B1625628EA50C300B6A101 /* LaunchScreen.storyboard in Resources */,
				F5B1625328EA50C300B6A101 /* Assets.xcassets in Resources */,
				F5B1625128EA50B800B6A101 /* Main.storyboard in Resources */,
			);
			runOnlyForDeploymentPostprocessing = 0;
		};
		F5B1625A28EA50C500B6A101 /* Resources */ = {
			isa = PBXResourcesBuildPhase;
			buildActionMask = 2147483647;
			files = (
			);
			runOnlyForDeploymentPostprocessing = 0;
		};
		F5B1626428EA50C500B6A101 /* Resources */ = {
			isa = PBXResourcesBuildPhase;
			buildActionMask = 2147483647;
			files = (
			);
			runOnlyForDeploymentPostprocessing = 0;
		};
/* End PBXResourcesBuildPhase section */

/* Begin PBXSourcesBuildPhase section */
		F5B1624228EA50B800B6A101 /* Sources */ = {
			isa = PBXSourcesBuildPhase;
			buildActionMask = 2147483647;
			files = (
				F5B1624E28EA50B800B6A101 /* ViewController.swift in Sources */,
				F5B1624A28EA50B800B6A101 /* AppDelegate.swift in Sources */,
				F5B1624C28EA50B800B6A101 /* SceneDelegate.swift in Sources */,
			);
			runOnlyForDeploymentPostprocessing = 0;
		};
		F5B1625828EA50C500B6A101 /* Sources */ = {
			isa = PBXSourcesBuildPhase;
			buildActionMask = 2147483647;
			files = (
				F5B1626128EA50C500B6A101 /* NASA_Gallery_SwiftTests.swift in Sources */,
			);
			runOnlyForDeploymentPostprocessing = 0;
		};
		F5B1626228EA50C500B6A101 /* Sources */ = {
			isa = PBXSourcesBuildPhase;
			buildActionMask = 2147483647;
			files = (
				F5B1626D28EA50C500B6A101 /* NASA_Gallery_SwiftUITestsLaunchTests.swift in Sources */,
				F5B1626B28EA50C500B6A101 /* NASA_Gallery_SwiftUITests.swift in Sources */,
			);
			runOnlyForDeploymentPostprocessing = 0;
		};
/* End PBXSourcesBuildPhase section */

/* Begin PBXTargetDependency section */
		F5B1625E28EA50C500B6A101 /* PBXTargetDependency */ = {
			isa = PBXTargetDependency;
			target = F5B1624528EA50B800B6A101 /* NASA-Gallery-Swift */;
			targetProxy = F5B1625D28EA50C500B6A101 /* PBXContainerItemProxy */;
		};
		F5B1626828EA50C500B6A101 /* PBXTargetDependency */ = {
			isa = PBXTargetDependency;
			target = F5B1624528EA50B800B6A101 /* NASA-Gallery-Swift */;
			targetProxy = F5B1626728EA50C500B6A101 /* PBXContainerItemProxy */;
		};
/* End PBXTargetDependency section */

/* Begin PBXVariantGroup section */
		F5B1624F28EA50B800B6A101 /* Main.storyboard */ = {
			isa = PBXVariantGroup;
			children = (
				F5B1625028EA50B800B6A101 /* Base */,
			);
			name = Main.storyboard;
			sourceTree = "<group>";
		};
		F5B1625428EA50C300B6A101 /* LaunchScreen.storyboard */ = {
			isa = PBXVariantGroup;
			children = (
				F5B1625528EA50C300B6A101 /* Base */,
			);
			name = LaunchScreen.storyboard;
			sourceTree = "<group>";
		};
/* End PBXVariantGroup section */

/* Begin XCBuildConfiguration section */
		F5B1626E28EA50C500B6A101 /* Debug */ = {
			isa = XCBuildConfiguration;
			buildSettings = {
				ALWAYS_SEARCH_USER_PATHS = NO;
				CLANG_ANALYZER_NONNULL = YES;
				CLANG_ANALYZER_NUMBER_OBJECT_CONVERSION = YES_AGGRESSIVE;
				CLANG_CXX_LANGUAGE_STANDARD = "gnu++17";
				CLANG_CXX_LIBRARY = "libc++";
				CLANG_ENABLE_MODULES = YES;
				CLANG_ENABLE_OBJC_ARC = YES;
				CLANG_ENABLE_OBJC_WEAK = YES;
				CLANG_WARN_BLOCK_CAPTURE_AUTORELEASING = YES;
				CLANG_WARN_BOOL_CONVERSION = YES;
				CLANG_WARN_COMMA = YES;
				CLANG_WARN_CONSTANT_CONVERSION = YES;
				CLANG_WARN_DEPRECATED_OBJC_IMPLEMENTATIONS = YES;
				CLANG_WARN_DIRECT_OBJC_ISA_USAGE = YES_ERROR;
				CLANG_WARN_DOCUMENTATION_COMMENTS = YES;
				CLANG_WARN_EMPTY_BODY = YES;
				CLANG_WARN_ENUM_CONVERSION = YES;
				CLANG_WARN_INFINITE_RECURSION = YES;
				CLANG_WARN_INT_CONVERSION = YES;
				CLANG_WARN_NON_LITERAL_NULL_CONVERSION = YES;
				CLANG_WARN_OBJC_IMPLICIT_RETAIN_SELF = YES;
				CLANG_WARN_OBJC_LITERAL_CONVERSION = YES;
				CLANG_WARN_OBJC_ROOT_CLASS = YES_ERROR;
				CLANG_WARN_QUOTED_INCLUDE_IN_FRAMEWORK_HEADER = YES;
				CLANG_WARN_RANGE_LOOP_ANALYSIS = YES;
				CLANG_WARN_STRICT_PROTOTYPES = YES;
				CLANG_WARN_SUSPICIOUS_MOVE = YES;
				CLANG_WARN_UNGUARDED_AVAILABILITY = YES_AGGRESSIVE;
				CLANG_WARN_UNREACHABLE_CODE = YES;
				CLANG_WARN__DUPLICATE_METHOD_MATCH = YES;
				COPY_PHASE_STRIP = NO;
				DEBUG_INFORMATION_FORMAT = dwarf;
				ENABLE_STRICT_OBJC_MSGSEND = YES;
				ENABLE_TESTABILITY = YES;
				GCC_C_LANGUAGE_STANDARD = gnu11;
				GCC_DYNAMIC_NO_PIC = NO;
				GCC_NO_COMMON_BLOCKS = YES;
				GCC_OPTIMIZATION_LEVEL = 0;
				GCC_PREPROCESSOR_DEFINITIONS = (
					"DEBUG=1",
					"$(inherited)",
				);
				GCC_WARN_64_TO_32_BIT_CONVERSION = YES;
				GCC_WARN_ABOUT_RETURN_TYPE = YES_ERROR;
				GCC_WARN_UNDECLARED_SELECTOR = YES;
				GCC_WARN_UNINITIALIZED_AUTOS = YES_AGGRESSIVE;
				GCC_WARN_UNUSED_FUNCTION = YES;
				GCC_WARN_UNUSED_VARIABLE = YES;
				IPHONEOS_DEPLOYMENT_TARGET = 15.2;
				MTL_ENABLE_DEBUG_INFO = INCLUDE_SOURCE;
				MTL_FAST_MATH = YES;
				ONLY_ACTIVE_ARCH = YES;
				SDKROOT = iphoneos;
				SWIFT_ACTIVE_COMPILATION_CONDITIONS = DEBUG;
				SWIFT_OPTIMIZATION_LEVEL = "-Onone";
			};
			name = Debug;
		};
		F5B1626F28EA50C500B6A101 /* Release */ = {
			isa = XCBuildConfiguration;
			buildSettings = {
				ALWAYS_SEARCH_USER_PATHS = NO;
				CLANG_ANALYZER_NONNULL = YES;
				CLANG_ANALYZER_NUMBER_OBJECT_CONVERSION = YES_AGGRESSIVE;
				CLANG_CXX_LANGUAGE_STANDARD = "gnu++17";
				CLANG_CXX_LIBRARY = "libc++";
				CLANG_ENABLE_MODULES = YES;
				CLANG_ENABLE_OBJC_ARC = YES;
				CLANG_ENABLE_OBJC_WEAK = YES;
				CLANG_WARN_BLOCK_CAPTURE_AUTORELEASING = YES;
				CLANG_WARN_BOOL_CONVERSION = YES;
				CLANG_WARN_COMMA = YES;
				CLANG_WARN_CONSTANT_CONVERSION = YES;
				CLANG_WARN_DEPRECATED_OBJC_IMPLEMENTATIONS = YES;
				CLANG_WARN_DIRECT_OBJC_ISA_USAGE = YES_ERROR;
				CLANG_WARN_DOCUMENTATION_COMMENTS = YES;
				CLANG_WARN_EMPTY_BODY = YES;
				CLANG_WARN_ENUM_CONVERSION = YES;
				CLANG_WARN_INFINITE_RECURSION = YES;
				CLANG_WARN_INT_CONVERSION = YES;
				CLANG_WARN_NON_LITERAL_NULL_CONVERSION = YES;
				CLANG_WARN_OBJC_IMPLICIT_RETAIN_SELF = YES;
				CLANG_WARN_OBJC_LITERAL_CONVERSION = YES;
				CLANG_WARN_OBJC_ROOT_CLASS = YES_ERROR;
				CLANG_WARN_QUOTED_INCLUDE_IN_FRAMEWORK_HEADER = YES;
				CLANG_WARN_RANGE_LOOP_ANALYSIS = YES;
				CLANG_WARN_STRICT_PROTOTYPES = YES;
				CLANG_WARN_SUSPICIOUS_MOVE = YES;
				CLANG_WARN_UNGUARDED_AVAILABILITY = YES_AGGRESSIVE;
				CLANG_WARN_UNREACHABLE_CODE = YES;
				CLANG_WARN__DUPLICATE_METHOD_MATCH = YES;
				COPY_PHASE_STRIP = NO;
				DEBUG_INFORMATION_FORMAT = "dwarf-with-dsym";
				ENABLE_NS_ASSERTIONS = NO;
				ENABLE_STRICT_OBJC_MSGSEND = YES;
				GCC_C_LANGUAGE_STANDARD = gnu11;
				GCC_NO_COMMON_BLOCKS = YES;
				GCC_WARN_64_TO_32_BIT_CONVERSION = YES;
				GCC_WARN_ABOUT_RETURN_TYPE = YES_ERROR;
				GCC_WARN_UNDECLARED_SELECTOR = YES;
				GCC_WARN_UNINITIALIZED_AUTOS = YES_AGGRESSIVE;
				GCC_WARN_UNUSED_FUNCTION = YES;
				GCC_WARN_UNUSED_VARIABLE = YES;
				IPHONEOS_DEPLOYMENT_TARGET = 15.2;
				MTL_ENABLE_DEBUG_INFO = NO;
				MTL_FAST_MATH = YES;
				SDKROOT = iphoneos;
				SWIFT_COMPILATION_MODE = wholemodule;
				SWIFT_OPTIMIZATION_LEVEL = "-O";
				VALIDATE_PRODUCT = YES;
			};
			name = Release;
		};
		F5B1627128EA50C500B6A101 /* Debug */ = {
			isa = XCBuildConfiguration;
			buildSettings = {
				ASSETCATALOG_COMPILER_APPICON_NAME = AppIcon;
				ASSETCATALOG_COMPILER_GLOBAL_ACCENT_COLOR_NAME = AccentColor;
				CODE_SIGN_STYLE = Automatic;
				CURRENT_PROJECT_VERSION = 1;
				DEVELOPMENT_TEAM = Q93F2L56JP;
				GENERATE_INFOPLIST_FILE = YES;
				INFOPLIST_FILE = "NASA-Gallery-Swift/Info.plist";
				INFOPLIST_KEY_UIApplicationSupportsIndirectInputEvents = YES;
				INFOPLIST_KEY_UILaunchStoryboardName = LaunchScreen;
				INFOPLIST_KEY_UIMainStoryboardFile = Main;
				INFOPLIST_KEY_UISupportedInterfaceOrientations_iPad = "UIInterfaceOrientationPortrait UIInterfaceOrientationPortraitUpsideDown UIInterfaceOrientationLandscapeLeft UIInterfaceOrientationLandscapeRight";
				INFOPLIST_KEY_UISupportedInterfaceOrientations_iPhone = "UIInterfaceOrientationPortrait UIInterfaceOrientationLandscapeLeft UIInterfaceOrientationLandscapeRight";
				LD_RUNPATH_SEARCH_PATHS = (
					"$(inherited)",
					"@executable_path/Frameworks",
				);
				MARKETING_VERSION = 1.0;
				PRODUCT_BUNDLE_IDENTIFIER = "com.allan.NASA-Gallery-Swift";
				PRODUCT_NAME = "$(TARGET_NAME)";
				SWIFT_EMIT_LOC_STRINGS = YES;
				SWIFT_VERSION = 5.0;
				TARGETED_DEVICE_FAMILY = "1,2";
			};
			name = Debug;
		};
		F5B1627228EA50C500B6A101 /* Release */ = {
			isa = XCBuildConfiguration;
			buildSettings = {
				ASSETCATALOG_COMPILER_APPICON_NAME = AppIcon;
				ASSETCATALOG_COMPILER_GLOBAL_ACCENT_COLOR_NAME = AccentColor;
				CODE_SIGN_STYLE = Automatic;
				CURRENT_PROJECT_VERSION = 1;
				DEVELOPMENT_TEAM = Q93F2L56JP;
				GENERATE_INFOPLIST_FILE = YES;
				INFOPLIST_FILE = "NASA-Gallery-Swift/Info.plist";
				INFOPLIST_KEY_UIApplicationSupportsIndirectInputEvents = YES;
				INFOPLIST_KEY_UILaunchStoryboardName = LaunchScreen;
				INFOPLIST_KEY_UIMainStoryboardFile = Main;
				INFOPLIST_KEY_UISupportedInterfaceOrientations_iPad = "UIInterfaceOrientationPortrait UIInterfaceOrientationPortraitUpsideDown UIInterfaceOrientationLandscapeLeft UIInterfaceOrientationLandscapeRight";
				INFOPLIST_KEY_UISupportedInterfaceOrientations_iPhone = "UIInterfaceOrientationPortrait UIInterfaceOrientationLandscapeLeft UIInterfaceOrientationLandscapeRight";
				LD_RUNPATH_SEARCH_PATHS = (
					"$(inherited)",
					"@executable_path/Frameworks",
				);
				MARKETING_VERSION = 1.0;
				PRODUCT_BUNDLE_IDENTIFIER = "com.allan.NASA-Gallery-Swift";
				PRODUCT_NAME = "$(TARGET_NAME)";
				SWIFT_EMIT_LOC_STRINGS = YES;
				SWIFT_VERSION = 5.0;
				TARGETED_DEVICE_FAMILY = "1,2";
			};
			name = Release;
		};
		F5B1627428EA50C500B6A101 /* Debug */ = {
			isa = XCBuildConfiguration;
			buildSettings = {
				ALWAYS_EMBED_SWIFT_STANDARD_LIBRARIES = YES;
				BUNDLE_LOADER = "$(TEST_HOST)";
				CODE_SIGN_STYLE = Automatic;
				CURRENT_PROJECT_VERSION = 1;
				DEVELOPMENT_TEAM = Q93F2L56JP;
				GENERATE_INFOPLIST_FILE = YES;
				IPHONEOS_DEPLOYMENT_TARGET = 15.2;
				MARKETING_VERSION = 1.0;
				PRODUCT_BUNDLE_IDENTIFIER = "com.allan.NASA-Gallery-SwiftTests";
				PRODUCT_NAME = "$(TARGET_NAME)";
				SWIFT_EMIT_LOC_STRINGS = NO;
				SWIFT_VERSION = 5.0;
				TARGETED_DEVICE_FAMILY = "1,2";
				TEST_HOST = "$(BUILT_PRODUCTS_DIR)/NASA-Gallery-Swift.app/NASA-Gallery-Swift";
			};
			name = Debug;
		};
		F5B1627528EA50C500B6A101 /* Release */ = {
			isa = XCBuildConfiguration;
			buildSettings = {
				ALWAYS_EMBED_SWIFT_STANDARD_LIBRARIES = YES;
				BUNDLE_LOADER = "$(TEST_HOST)";
				CODE_SIGN_STYLE = Automatic;
				CURRENT_PROJECT_VERSION = 1;
				DEVELOPMENT_TEAM = Q93F2L56JP;
				GENERATE_INFOPLIST_FILE = YES;
				IPHONEOS_DEPLOYMENT_TARGET = 15.2;
				MARKETING_VERSION = 1.0;
				PRODUCT_BUNDLE_IDENTIFIER = "com.allan.NASA-Gallery-SwiftTests";
				PRODUCT_NAME = "$(TARGET_NAME)";
				SWIFT_EMIT_LOC_STRINGS = NO;
				SWIFT_VERSION = 5.0;
				TARGETED_DEVICE_FAMILY = "1,2";
				TEST_HOST = "$(BUILT_PRODUCTS_DIR)/NASA-Gallery-Swift.app/NASA-Gallery-Swift";
			};
			name = Release;
		};
		F5B1627728EA50C500B6A101 /* Debug */ = {
			isa = XCBuildConfiguration;
			buildSettings = {
				ALWAYS_EMBED_SWIFT_STANDARD_LIBRARIES = YES;
				CODE_SIGN_STYLE = Automatic;
				CURRENT_PROJECT_VERSION = 1;
				DEVELOPMENT_TEAM = Q93F2L56JP;
				GENERATE_INFOPLIST_FILE = YES;
				MARKETING_VERSION = 1.0;
				PRODUCT_BUNDLE_IDENTIFIER = "com.allan.NASA-Gallery-SwiftUITests";
				PRODUCT_NAME = "$(TARGET_NAME)";
				SWIFT_EMIT_LOC_STRINGS = NO;
				SWIFT_VERSION = 5.0;
				TARGETED_DEVICE_FAMILY = "1,2";
				TEST_TARGET_NAME = "NASA-Gallery-Swift";
			};
			name = Debug;
		};
		F5B1627828EA50C500B6A101 /* Release */ = {
			isa = XCBuildConfiguration;
			buildSettings = {
				ALWAYS_EMBED_SWIFT_STANDARD_LIBRARIES = YES;
				CODE_SIGN_STYLE = Automatic;
				CURRENT_PROJECT_VERSION = 1;
				DEVELOPMENT_TEAM = Q93F2L56JP;
				GENERATE_INFOPLIST_FILE = YES;
				MARKETING_VERSION = 1.0;
				PRODUCT_BUNDLE_IDENTIFIER = "com.allan.NASA-Gallery-SwiftUITests";
				PRODUCT_NAME = "$(TARGET_NAME)";
				SWIFT_EMIT_LOC_STRINGS = NO;
				SWIFT_VERSION = 5.0;
				TARGETED_DEVICE_FAMILY = "1,2";
				TEST_TARGET_NAME = "NASA-Gallery-Swift";
			};
			name = Release;
		};
/* End XCBuildConfiguration section */

/* Begin XCConfigurationList section */
		F5B1624128EA50B800B6A101 /* Build configuration list for PBXProject "NASA-Gallery-Swift" */ = {
			isa = XCConfigurationList;
			buildConfigurations = (
				F5B1626E28EA50C500B6A101 /* Debug */,
				F5B1626F28EA50C500B6A101 /* Release */,
			);
			defaultConfigurationIsVisible = 0;
			defaultConfigurationName = Release;
		};
		F5B1627028EA50C500B6A101 /* Build configuration list for PBXNativeTarget "NASA-Gallery-Swift" */ = {
			isa = XCConfigurationList;
			buildConfigurations = (
				F5B1627128EA50C500B6A101 /* Debug */,
				F5B1627228EA50C500B6A101 /* Release */,
			);
			defaultConfigurationIsVisible = 0;
			defaultConfigurationName = Release;
		};
		F5B1627328EA50C500B6A101 /* Build configuration list for PBXNativeTarget "NASA-Gallery-SwiftTests" */ = {
			isa = XCConfigurationList;
			buildConfigurations = (
				F5B1627428EA50C500B6A101 /* Debug */,
				F5B1627528EA50C500B6A101 /* Release */,
			);
			defaultConfigurationIsVisible = 0;
			defaultConfigurationName = Release;
		};
		F5B1627628EA50C500B6A101 /* Build configuration list for PBXNativeTarget "NASA-Gallery-SwiftUITests" */ = {
			isa = XCConfigurationList;
			buildConfigurations = (
				F5B1627728EA50C500B6A101 /* Debug */,
				F5B1627828EA50C500B6A101 /* Release */,
			);
			defaultConfigurationIsVisible = 0;
			defaultConfigurationName = Release;
		};
/* End XCConfigurationList section */
	};
	rootObject = F5B1623E28EA50B800B6A101 /* Project object */;
}
